
Microsoft Visual Studio Solution File, Format Version 11.00
# Visual Studio 2010
Project("{E24C65DC-7377-472B-9ABA-BC803B73C61A}") = "VinerSite", "VinerSite\", "{265C2FF8-5CBC-4491-A177-2555998A9DBD}"
	ProjectSection(WebsiteProperties) = preProject
		TargetFrameworkMoniker = ".NETFramework,Version%3Dv4.0"
		Debug.AspNetCompiler.VirtualPath = "/VinerSite"
		Debug.AspNetCompiler.PhysicalPath = "VinerSite\"
		Debug.AspNetCompiler.TargetPath = "PrecompiledWeb\VinerSite\"
		Debug.AspNetCompiler.Updateable = "true"
		Debug.AspNetCompiler.ForceOverwrite = "true"
		Debug.AspNetCompiler.FixedNames = "false"
		Debug.AspNetCompiler.Debug = "True"
		Release.AspNetCompiler.VirtualPath = "/VinerSite"
		Release.AspNetCompiler.PhysicalPath = "VinerSite\"
		Release.AspNetCompiler.TargetPath = "PrecompiledWeb\VinerSite\"
		Release.AspNetCompiler.Updateable = "true"
		Release.AspNetCompiler.ForceOverwrite = "true"
		Release.AspNetCompiler.FixedNames = "false"
		Release.AspNetCompiler.Debug = "False"
		VWDPort = "4450"
	EndProjectSection
EndProject
Global
	GlobalSection(SolutionConfigurationPlatforms) = preSolution
		Debug|Any CPU = Debug|Any CPU
	EndGlobalSection
	GlobalSection(ProjectConfigurationPlatforms) = postSolution
		{265C2FF8-5CBC-4491-A177-2555998A9DBD}.Debug|Any CPU.ActiveCfg = Debug|Any CPU
		{265C2FF8-5CBC-4491-A177-2555998A9DBD}.Debug|Any CPU.Build.0 = Debug|Any CPU
	EndGlobalSection
	GlobalSection(SolutionProperties) = preSolution
		HideSolutionNode = FALSE
	EndGlobalSection
EndGlobal
